
Microsoft Visual Studio Solution File, Format Version 12.00
# Visual Studio Version 17
VisualStudioVersion = 17.5.2.0
MinimumVisualStudioVersion = 10.0.40219.1
Project("{FAE04EC0-301F-11D3-BF4B-00C04F79EFBC}") = "CollectApp", "CollectApp.csproj", "{51D1090B-32CF-A1DA-C22F-43B86B469917}"
EndProject
Project("{FAE04EC0-301F-11D3-BF4B-00C04F79EFBC}") = "CollectApp.Tests", "..\App.Tests\CollectApp.Tests.csproj", "{8459F2AA-A04C-4DB0-ADE7-E34672F4303B}"
EndProject
Global
	GlobalSection(SolutionConfigurationPlatforms) = preSolution
		Debug|Any CPU = Debug|Any CPU
		Debug|x64 = Debug|x64
		Debug|x86 = Debug|x86
		Release|Any CPU = Release|Any CPU
		Release|x64 = Release|x64
		Release|x86 = Release|x86
	EndGlobalSection
	GlobalSection(ProjectConfigurationPlatforms) = postSolution
		{51D1090B-32CF-A1DA-C22F-43B86B469917}.Debug|Any CPU.ActiveCfg = Debug|Any CPU
		{51D1090B-32CF-A1DA-C22F-43B86B469917}.Debug|Any CPU.Build.0 = Debug|Any CPU
		{51D1090B-32CF-A1DA-C22F-43B86B469917}.Debug|x64.ActiveCfg = Debug|Any CPU
		{51D1090B-32CF-A1DA-C22F-43B86B469917}.Debug|x64.Build.0 = Debug|Any CPU
		{51D1090B-32CF-A1DA-C22F-43B86B469917}.Debug|x86.ActiveCfg = Debug|Any CPU
		{51D1090B-32CF-A1DA-C22F-43B86B469917}.Debug|x86.Build.0 = Debug|Any CPU
		{51D1090B-32CF-A1DA-C22F-43B86B469917}.Release|Any CPU.ActiveCfg = Release|Any CPU
		{51D1090B-32CF-A1DA-C22F-43B86B469917}.Release|Any CPU.Build.0 = Release|Any CPU
		{51D1090B-32CF-A1DA-C22F-43B86B469917}.Release|x64.ActiveCfg = Release|Any CPU
		{51D1090B-32CF-A1DA-C22F-43B86B469917}.Release|x64.Build.0 = Release|Any CPU
		{51D1090B-32CF-A1DA-C22F-43B86B469917}.Release|x86.ActiveCfg = Release|Any CPU
		{51D1090B-32CF-A1DA-C22F-43B86B469917}.Release|x86.Build.0 = Release|Any CPU
		{8459F2AA-A04C-4DB0-ADE7-E34672F4303B}.Debug|Any CPU.ActiveCfg = Debug|Any CPU
		{8459F2AA-A04C-4DB0-ADE7-E34672F4303B}.Debug|Any CPU.Build.0 = Debug|Any CPU
		{8459F2AA-A04C-4DB0-ADE7-E34672F4303B}.Debug|x64.ActiveCfg = Debug|Any CPU
		{8459F2AA-A04C-4DB0-ADE7-E34672F4303B}.Debug|x64.Build.0 = Debug|Any CPU
		{8459F2AA-A04C-4DB0-ADE7-E34672F4303B}.Debug|x86.ActiveCfg = Debug|Any CPU
		{8459F2AA-A04C-4DB0-ADE7-E34672F4303B}.Debug|x86.Build.0 = Debug|Any CPU
		{8459F2AA-A04C-4DB0-ADE7-E34672F4303B}.Release|Any CPU.ActiveCfg = Release|Any CPU
		{8459F2AA-A04C-4DB0-ADE7-E34672F4303B}.Release|Any CPU.Build.0 = Release|Any CPU
		{8459F2AA-A04C-4DB0-ADE7-E34672F4303B}.Release|x64.ActiveCfg = Release|Any CPU
		{8459F2AA-A04C-4DB0-ADE7-E34672F4303B}.Release|x64.Build.0 = Release|Any CPU
		{8459F2AA-A04C-4DB0-ADE7-E34672F4303B}.Release|x86.ActiveCfg = Release|Any CPU
		{8459F2AA-A04C-4DB0-ADE7-E34672F4303B}.Release|x86.Build.0 = Release|Any CPU
	EndGlobalSection
	GlobalSection(SolutionProperties) = preSolution
		HideSolutionNode = FALSE
	EndGlobalSection
	GlobalSection(ExtensibilityGlobals) = postSolution
		SolutionGuid = {6467D182-23D7-4676-992B-F78E267A1194}
	EndGlobalSection
EndGlobal
